
Microsoft Visual Studio Solution File, Format Version 12.00
# Visual Studio Version 17
VisualStudioVersion = 17.14.37012.4 d17.14
MinimumVisualStudioVersion = 10.0.40219.1
Project("{FAE04EC0-301F-11D3-BF4B-00C04F79EFBC}") = "BeepPlayer", "BeepPlayer.csproj", "{9AFBF3E9-1C1C-4F89-8881-21E00C38DEBB}"
EndProject
Global
	GlobalSection(SolutionConfigurationPlatforms) = preSolution
		Debug|Any CPU = Debug|Any CPU
		Release|Any CPU = Release|Any CPU
	EndGlobalSection
	GlobalSection(ProjectConfigurationPlatforms) = postSolution
		{9AFBF3E9-1C1C-4F89-8881-21E00C38DEBB}.Debug|Any CPU.ActiveCfg = Debug|Any CPU
		{9AFBF3E9-1C1C-4F89-8881-21E00C38DEBB}.Debug|Any CPU.Build.0 = Debug|Any CPU
		{9AFBF3E9-1C1C-4F89-8881-21E00C38DEBB}.Release|Any CPU.ActiveCfg = Release|Any CPU
		{9AFBF3E9-1C1C-4F89-8881-21E00C38DEBB}.Release|Any CPU.Build.0 = Release|Any CPU
	EndGlobalSection
	GlobalSection(SolutionProperties) = preSolution
		HideSolutionNode = FALSE
	EndGlobalSection
	GlobalSection(ExtensibilityGlobals) = postSolution
		SolutionGuid = {5AB5C2A9-36BC-445D-A52F-877755A87F34}
	EndGlobalSection
EndGlobal
